Microsoft Visual Studio Solution File, Format Version 7.00
Project("{8BC9CEB8-8B4A-11D0-8D11-00A0C91BC942}") = "Useless", "Useless\Useless.vcproj", "{C23F932A-23A6-44EE-9996-6BFC70FA2073}"
EndProject
Project("{8BC9CEB8-8B4A-11D0-8D11-00A0C91BC942}") = "boost_utf8", "boost_utf8\boost_utf8.vcproj", "{C4EEE41C-D299-4C2B-9B53-5F5F476E1BA8}"
EndProject
Project("{8BC9CEB8-8B4A-11D0-8D11-00A0C91BC942}") = "koolib", "koolib\koolib.vcproj", "{DA64C9F0-5093-46C0-A6F5-DC89A16C7BB9}"
EndProject
Project("{8BC9CEB8-8B4A-11D0-8D11-00A0C91BC942}") = "koolibind", "koolibind\koolibind.vcproj", "{8A7A807C-E1E1-44A9-903C-819356CC169F}"
EndProject
Project("{8BC9CEB8-8B4A-11D0-8D11-00A0C91BC942}") = "KooLiXP", "KooLiXP\KooLiXP.vcproj", "{1BEA61A5-A781-47B1-845D-E8617B70DBC2}"
EndProject
Project("{8BC9CEB8-8B4A-11D0-8D11-00A0C91BC942}") = "strmbase", "strmbase\strmbase.vcproj", "{F5EDE846-A8CF-46EB-AF4E-59AD3A204B0C}"
EndProject
Project("{8BC9CEB8-8B4A-11D0-8D11-00A0C91BC942}") = "Dynamo", "Dynamo\Dynamo.vcproj", "{A4B1BE6D-AABD-4569-BBEB-2B8E24076BC5}"
EndProject
Global
	GlobalSection(SolutionConfiguration) = preSolution
		ConfigName.0 = Debug
		ConfigName.1 = Release
	EndGlobalSection
	GlobalSection(ProjectDependencies) = postSolution
		{1BEA61A5-A781-47B1-845D-E8617B70DBC2}.0 = {C4EEE41C-D299-4C2B-9B53-5F5F476E1BA8}
		{1BEA61A5-A781-47B1-845D-E8617B70DBC2}.1 = {A4B1BE6D-AABD-4569-BBEB-2B8E24076BC5}
		{1BEA61A5-A781-47B1-845D-E8617B70DBC2}.2 = {C23F932A-23A6-44EE-9996-6BFC70FA2073}
		{1BEA61A5-A781-47B1-845D-E8617B70DBC2}.3 = {F5EDE846-A8CF-46EB-AF4E-59AD3A204B0C}
		{1BEA61A5-A781-47B1-845D-E8617B70DBC2}.4 = {8A7A807C-E1E1-44A9-903C-819356CC169F}
		{1BEA61A5-A781-47B1-845D-E8617B70DBC2}.5 = {DA64C9F0-5093-46C0-A6F5-DC89A16C7BB9}
	EndGlobalSection
	GlobalSection(ProjectConfiguration) = postSolution
		{C23F932A-23A6-44EE-9996-6BFC70FA2073}.Debug.ActiveCfg = Debug|Win32
		{C23F932A-23A6-44EE-9996-6BFC70FA2073}.Debug.Build.0 = Debug|Win32
		{C23F932A-23A6-44EE-9996-6BFC70FA2073}.Release.ActiveCfg = Release|Win32
		{C23F932A-23A6-44EE-9996-6BFC70FA2073}.Release.Build.0 = Release|Win32
		{C4EEE41C-D299-4C2B-9B53-5F5F476E1BA8}.Debug.ActiveCfg = Debug|Win32
		{C4EEE41C-D299-4C2B-9B53-5F5F476E1BA8}.Debug.Build.0 = Debug|Win32
		{C4EEE41C-D299-4C2B-9B53-5F5F476E1BA8}.Release.ActiveCfg = Release|Win32
		{C4EEE41C-D299-4C2B-9B53-5F5F476E1BA8}.Release.Build.0 = Release|Win32
		{DA64C9F0-5093-46C0-A6F5-DC89A16C7BB9}.Debug.ActiveCfg = Debug|Win32
		{DA64C9F0-5093-46C0-A6F5-DC89A16C7BB9}.Debug.Build.0 = Debug|Win32
		{DA64C9F0-5093-46C0-A6F5-DC89A16C7BB9}.Release.ActiveCfg = Release|Win32
		{DA64C9F0-5093-46C0-A6F5-DC89A16C7BB9}.Release.Build.0 = Release|Win32
		{8A7A807C-E1E1-44A9-903C-819356CC169F}.Debug.ActiveCfg = Debug|Win32
		{8A7A807C-E1E1-44A9-903C-819356CC169F}.Debug.Build.0 = Debug|Win32
		{8A7A807C-E1E1-44A9-903C-819356CC169F}.Release.ActiveCfg = Release|Win32
		{8A7A807C-E1E1-44A9-903C-819356CC169F}.Release.Build.0 = Release|Win32
		{1BEA61A5-A781-47B1-845D-E8617B70DBC2}.Debug.ActiveCfg = Debug|Win32
		{1BEA61A5-A781-47B1-845D-E8617B70DBC2}.Debug.Build.0 = Debug|Win32
		{1BEA61A5-A781-47B1-845D-E8617B70DBC2}.Release.ActiveCfg = Release|Win32
		{1BEA61A5-A781-47B1-845D-E8617B70DBC2}.Release.Build.0 = Release|Win32
		{F5EDE846-A8CF-46EB-AF4E-59AD3A204B0C}.Debug.ActiveCfg = Debug|Win32
		{F5EDE846-A8CF-46EB-AF4E-59AD3A204B0C}.Debug.Build.0 = Debug|Win32
		{F5EDE846-A8CF-46EB-AF4E-59AD3A204B0C}.Release.ActiveCfg = Release|Win32
		{F5EDE846-A8CF-46EB-AF4E-59AD3A204B0C}.Release.Build.0 = Release|Win32
		{A4B1BE6D-AABD-4569-BBEB-2B8E24076BC5}.Debug.ActiveCfg = Debug|Win32
		{A4B1BE6D-AABD-4569-BBEB-2B8E24076BC5}.Debug.Build.0 = Debug|Win32
		{A4B1BE6D-AABD-4569-BBEB-2B8E24076BC5}.Release.ActiveCfg = Release|Win32
		{A4B1BE6D-AABD-4569-BBEB-2B8E24076BC5}.Release.Build.0 = Release|Win32
	EndGlobalSection
	GlobalSection(ExtensibilityGlobals) = postSolution
	EndGlobalSection
	GlobalSection(ExtensibilityAddIns) = postSolution
	EndGlobalSection
EndGlobal
