Microsoft Visual Studio Solution File, Format Version 8.00
Project("{8BC9CEB8-8B4A-11D0-8D11-00A0C91BC942}") = "gvm1", "gvm1.vcproj", "{D590AACF-6FF5-4E9B-B967-1ECC1EF08753}"
	ProjectSection(ProjectDependencies) = postProject
	EndProjectSection
EndProject
Global
	GlobalSection(SolutionConfiguration) = preSolution
		Debug = Debug
		Release = Release
	EndGlobalSection
	GlobalSection(ProjectConfiguration) = postSolution
		{D590AACF-6FF5-4E9B-B967-1ECC1EF08753}.Debug.ActiveCfg = Debug|Win32
		{D590AACF-6FF5-4E9B-B967-1ECC1EF08753}.Debug.Build.0 = Debug|Win32
		{D590AACF-6FF5-4E9B-B967-1ECC1EF08753}.Release.ActiveCfg = Release|Win32
		{D590AACF-6FF5-4E9B-B967-1ECC1EF08753}.Release.Build.0 = Release|Win32
	EndGlobalSection
	GlobalSection(ExtensibilityGlobals) = postSolution
	EndGlobalSection
	GlobalSection(ExtensibilityAddIns) = postSolution
	EndGlobalSection
EndGlobal
